Microsoft Visual Studio Solution File, Format Version 12.00
# Visual Studio Version 16
VisualStudioVersion = 16.0.29201.188
MinimumVisualStudioVersion = 16.0.29201.188
Project("{9A19103F-16F7-4668-BE54-9A1E7A4F7556}") = "GraphQL.FluentValidation", "GraphQL.FluentValidation\GraphQL.FluentValidation.csproj", "{8D87D482-BC30-49F6-946C-73DD62FC4EC0}"
EndProject
Project("{9A19103F-16F7-4668-BE54-9A1E7A4F7556}") = "Tests", "Tests\Tests.csproj", "{49CBE4DA-DFE0-4320-A82A-8BC11FCBA14D}"
EndProject
Project("{2150E333-8FDC-42A3-9474-1A3956D46DE8}") = "Solution Items", "Solution Items", "{C1E7C253-4815-48DA-8871-B0ADB1A46A7D}"
	ProjectSection(SolutionItems) = preProject
		.editorconfig = .editorconfig
		.gitattributes = .gitattributes
		..\.gitignore = ..\.gitignore
		appveyor.yml = appveyor.yml
		Directory.Build.props = Directory.Build.props
		icon.png = icon.png
		..\license.txt = ..\license.txt
		mdsnippets.json = mdsnippets.json
		..\readme.md = ..\readme.md
	EndProjectSection
EndProject
Project("{9A19103F-16F7-4668-BE54-9A1E7A4F7556}") = "SampleWeb", "SampleWeb\SampleWeb.csproj", "{AA587D92-8312-4B26-88AB-0EF4FA49828B}"
EndProject
Project("{9A19103F-16F7-4668-BE54-9A1E7A4F7556}") = "SampleWeb.Tests", "SampleWeb.Tests\SampleWeb.Tests.csproj", "{B7CE2386-EA76-463B-912B-9C6941A82F3A}"
EndProject
Global
	GlobalSection(SolutionConfigurationPlatforms) = preSolution
		Debug|Any CPU = Debug|Any CPU
		Release|Any CPU = Release|Any CPU
	EndGlobalSection
	GlobalSection(ProjectConfigurationPlatforms) = postSolution
		{8D87D482-BC30-49F6-946C-73DD62FC4EC0}.Debug|Any CPU.ActiveCfg = Debug|Any CPU
		{8D87D482-BC30-49F6-946C-73DD62FC4EC0}.Debug|Any CPU.Build.0 = Debug|Any CPU
		{8D87D482-BC30-49F6-946C-73DD62FC4EC0}.Release|Any CPU.ActiveCfg = Release|Any CPU
		{8D87D482-BC30-49F6-946C-73DD62FC4EC0}.Release|Any CPU.Build.0 = Release|Any CPU
		{49CBE4DA-DFE0-4320-A82A-8BC11FCBA14D}.Debug|Any CPU.ActiveCfg = Debug|Any CPU
		{49CBE4DA-DFE0-4320-A82A-8BC11FCBA14D}.Debug|Any CPU.Build.0 = Debug|Any CPU
		{49CBE4DA-DFE0-4320-A82A-8BC11FCBA14D}.Release|Any CPU.ActiveCfg = Release|Any CPU
		{49CBE4DA-DFE0-4320-A82A-8BC11FCBA14D}.Release|Any CPU.Build.0 = Release|Any CPU
		{AA587D92-8312-4B26-88AB-0EF4FA49828B}.Debug|Any CPU.ActiveCfg = Debug|Any CPU
		{AA587D92-8312-4B26-88AB-0EF4FA49828B}.Debug|Any CPU.Build.0 = Debug|Any CPU
		{AA587D92-8312-4B26-88AB-0EF4FA49828B}.Release|Any CPU.ActiveCfg = Release|Any CPU
		{AA587D92-8312-4B26-88AB-0EF4FA49828B}.Release|Any CPU.Build.0 = Release|Any CPU
		{B7CE2386-EA76-463B-912B-9C6941A82F3A}.Debug|Any CPU.ActiveCfg = Debug|Any CPU
		{B7CE2386-EA76-463B-912B-9C6941A82F3A}.Debug|Any CPU.Build.0 = Debug|Any CPU
		{B7CE2386-EA76-463B-912B-9C6941A82F3A}.Release|Any CPU.ActiveCfg = Release|Any CPU
		{B7CE2386-EA76-463B-912B-9C6941A82F3A}.Release|Any CPU.Build.0 = Release|Any CPU
	EndGlobalSection
	GlobalSection(SolutionProperties) = preSolution
		HideSolutionNode = FALSE
	EndGlobalSection
	GlobalSection(ExtensibilityGlobals) = postSolution
		SolutionGuid = {2810F44A-7EA7-41FC-90E6-B95D30A66EFA}
	EndGlobalSection
EndGlobal
